// !$*UTF8*$!
{
	archiveVersion = 1;
	classes = {
	};
	objectVersion = 46;
	objects = {

/* Begin PBXBuildFile section */
		C364ACE21783CBB50082EAA8 /* UIKit.framework in Frameworks */ = {isa = PBXBuildFile; fileRef = C364ACE11783CBB50082EAA8 /* UIKit.framework */; };
		C364ACE41783CBB60082EAA8 /* Foundation.framework in Frameworks */ = {isa = PBXBuildFile; fileRef = C364ACE31783CBB60082EAA8 /* Foundation.framework */; };
		C364ACE61783CBB60082EAA8 /* CoreGraphics.framework in Frameworks */ = {isa = PBXBuildFile; fileRef = C364ACE51783CBB60082EAA8 /* CoreGraphics.framework */; };
		C364ACEC1783CBB60082EAA8 /* InfoPlist.strings in Resources */ = {isa = PBXBuildFile; fileRef = C364ACEA1783CBB60082EAA8 /* InfoPlist.strings */; };
		C364ACEE1783CBB60082EAA8 /* main.m in Sources */ = {isa = PBXBuildFile; fileRef = C364ACED1783CBB60082EAA8 /* main.m */; };
		C364ACF21783CBB60082EAA8 /* AppDelegate.m in Sources */ = {isa = PBXBuildFile; fileRef = C364ACF11783CBB60082EAA8 /* AppDelegate.m */; };
		C364ACF41783CBB60082EAA8 /* Default.png in Resources */ = {isa = PBXBuildFile; fileRef = C364ACF31783CBB60082EAA8 /* Default.png */; };
		C364ACF61783CBB60082EAA8 /* Default@2x.png in Resources */ = {isa = PBXBuildFile; fileRef = C364ACF51783CBB60082EAA8 /* Default@2x.png */; };
		C364ACF81783CBB60082EAA8 /* Default-568h@2x.png in Resources */ = {isa = PBXBuildFile; fileRef = C364ACF71783CBB60082EAA8 /* Default-568h@2x.png */; };
/* End PBXBuildFile section */

/* Begin PBXFileReference section */
		C364ACDE1783CBB50082EAA8 /* URC-Shuttle.app */ = {isa = PBXFileReference; explicitFileType = wrapper.application; includeInIndex = 0; path = "URC-Shuttle.app"; sourceTree = BUILT_PRODUCTS_DIR; };
		C364ACE11783CBB50082EAA8 /* UIKit.framework */ = {isa = PBXFileReference; lastKnownFileType = wrapper.framework; name = UIKit.framework; path = System/Library/Frameworks/UIKit.framework; sourceTree = SDKROOT; };
		C364ACE31783CBB60082EAA8 /* Foundation.framework */ = {isa = PBXFileReference; lastKnownFileType = wrapper.framework; name = Foundation.framework; path = System/Library/Frameworks/Foundation.framework; sourceTree = SDKROOT; };
		C364ACE51783CBB60082EAA8 /* CoreGraphics.framework */ = {isa = PBXFileReference; lastKnownFileType = wrapper.framework; name = CoreGraphics.framework; path = System/Library/Frameworks/CoreGraphics.framework; sourceTree = SDKROOT; };
		C364ACE91783CBB60082EAA8 /* URC-Shuttle-Info.plist */ = {isa = PBXFileReference; lastKnownFileType = text.plist.xml; path = "URC-Shuttle-Info.plist"; sourceTree = "<group>"; };
		C364ACEB1783CBB60082EAA8 /* en */ = {isa = PBXFileReference; lastKnownFileType = text.plist.strings; name = en; path = en.lproj/InfoPlist.strings; sourceTree = "<group>"; };
		C364ACED1783CBB60082EAA8 /* main.m */ = {isa = PBXFileReference; lastKnownFileType = sourcecode.c.objc; path = main.m; sourceTree = "<group>"; };
		C364ACEF1783CBB60082EAA8 /* URC-Shuttle-Prefix.pch */ = {isa = PBXFileReference; lastKnownFileType = sourcecode.c.h; path = "URC-Shuttle-Prefix.pch"; sourceTree = "<group>"; };
		C364ACF01783CBB60082EAA8 /* AppDelegate.h */ = {isa = PBXFileReference; lastKnownFileType = sourcecode.c.h; path = AppDelegate.h; sourceTree = "<group>"; };
		C364ACF11783CBB60082EAA8 /* AppDelegate.m */ = {isa = PBXFileReference; lastKnownFileType = sourcecode.c.objc; path = AppDelegate.m; sourceTree = "<group>"; };
		C364ACF31783CBB60082EAA8 /* Default.png */ = {isa = PBXFileReference; lastKnownFileType = image.png; path = Default.png; sourceTree = "<group>"; };
		C364ACF51783CBB60082EAA8 /* Default@2x.png */ = {isa = PBXFileReference; lastKnownFileType = image.png; path = "Default@2x.png"; sourceTree = "<group>"; };
		C364ACF71783CBB60082EAA8 /* Default-568h@2x.png */ = {isa = PBXFileReference; lastKnownFileType = image.png; path = "Default-568h@2x.png"; sourceTree = "<group>"; };
/* End PBXFileReference section */

/* Begin PBXFrameworksBuildPhase section */
		C364ACDB1783CBB50082EAA8 /* Frameworks */ = {
			isa = PBXFrameworksBuildPhase;
			buildActionMask = 2147483647;
			files = (
				C364ACE21783CBB50082EAA8 /* UIKit.framework in Frameworks */,
				C364ACE41783CBB60082EAA8 /* Foundation.framework in Frameworks */,
				C364ACE61783CBB60082EAA8 /* CoreGraphics.framework in Frameworks */,
			);
			runOnlyForDeploymentPostprocessing = 0;
		};
/* End PBXFrameworksBuildPhase section */

/* Begin PBXGroup section */
		C364ACD51783CBB50082EAA8 = {
			isa = PBXGroup;
			children = (
				C364ACE71783CBB60082EAA8 /* URC-Shuttle */,
				C364ACE01783CBB50082EAA8 /* Frameworks */,
				C364ACDF1783CBB50082EAA8 /* Products */,
			);
			sourceTree = "<group>";
		};
		C364ACDF1783CBB50082EAA8 /* Products */ = {
			isa = PBXGroup;
			children = (
				C364ACDE1783CBB50082EAA8 /* URC-Shuttle.app */,
			);
			name = Products;
			sourceTree = "<group>";
		};
		C364ACE01783CBB50082EAA8 /* Frameworks */ = {
			isa = PBXGroup;
			children = (
				C364ACE11783CBB50082EAA8 /* UIKit.framework */,
				C364ACE31783CBB60082EAA8 /* Foundation.framework */,
				C364ACE51783CBB60082EAA8 /* CoreGraphics.framework */,
			);
			name = Frameworks;
			sourceTree = "<group>";
		};
		C364ACE71783CBB60082EAA8 /* URC-Shuttle */ = {
			isa = PBXGroup;
			children = (
				C364ACF01783CBB60082EAA8 /* AppDelegate.h */,
				C364ACF11783CBB60082EAA8 /* AppDelegate.m */,
				C364ACE81783CBB60082EAA8 /* Supporting Files */,
			);
			path = "URC-Shuttle";
			sourceTree = "<group>";
		};
		C364ACE81783CBB60082EAA8 /* Supporting Files */ = {
			isa = PBXGroup;
			children = (
				C364ACE91783CBB60082EAA8 /* URC-Shuttle-Info.plist */,
				C364ACEA1783CBB60082EAA8 /* InfoPlist.strings */,
				C364ACED1783CBB60082EAA8 /* main.m */,
				C364ACEF1783CBB60082EAA8 /* URC-Shuttle-Prefix.pch */,
				C364ACF31783CBB60082EAA8 /* Default.png */,
				C364ACF51783CBB60082EAA8 /* Default@2x.png */,
				C364ACF71783CBB60082EAA8 /* Default-568h@2x.png */,
			);
			name = "Supporting Files";
			sourceTree = "<group>";
		};
/* End PBXGroup section */

/* Begin PBXNativeTarget section */
		C364ACDD1783CBB50082EAA8 /* URC-Shuttle */ = {
			isa = PBXNativeTarget;
			buildConfigurationList = C364ACFB1783CBB60082EAA8 /* Build configuration list for PBXNativeTarget "URC-Shuttle" */;
			buildPhases = (
				C364ACDA1783CBB50082EAA8 /* Sources */,
				C364ACDB1783CBB50082EAA8 /* Frameworks */,
				C364ACDC1783CBB50082EAA8 /* Resources */,
			);
			buildRules = (
			);
			dependencies = (
			);
			name = "URC-Shuttle";
			productName = "URC-Shuttle";
			productReference = C364ACDE1783CBB50082EAA8 /* URC-Shuttle.app */;
			productType = "com.apple.product-type.application";
		};
/* End PBXNativeTarget section */

/* Begin PBXProject section */
		C364ACD61783CBB50082EAA8 /* Project object */ = {
			isa = PBXProject;
			attributes = {
				LastUpgradeCheck = 0460;
				ORGANIZATIONNAME = "Cody Scott";
			};
			buildConfigurationList = C364ACD91783CBB50082EAA8 /* Build configuration list for PBXProject "URC-Shuttle" */;
			compatibilityVersion = "Xcode 3.2";
			developmentRegion = English;
			hasScannedForEncodings = 0;
			knownRegions = (
				en,
			);
			mainGroup = C364ACD51783CBB50082EAA8;
			productRefGroup = C364ACDF1783CBB50082EAA8 /* Products */;
			projectDirPath = "";
			projectRoot = "";
			targets = (
				C364ACDD1783CBB50082EAA8 /* URC-Shuttle */,
			);
		};
/* End PBXProject section */

/* Begin PBXResourcesBuildPhase section */
		C364ACDC1783CBB50082EAA8 /* Resources */ = {
			isa = PBXResourcesBuildPhase;
			buildActionMask = 2147483647;
			files = (
				C364ACEC1783CBB60082EAA8 /* InfoPlist.strings in Resources */,
				C364ACF41783CBB60082EAA8 /* Default.png in Resources */,
				C364ACF61783CBB60082EAA8 /* Default@2x.png in Resources */,
				C364ACF81783CBB60082EAA8 /* Default-568h@2x.png in Resources */,
			);
			runOnlyForDeploymentPostprocessing = 0;
		};
/* End PBXResourcesBuildPhase section */

/* Begin PBXSourcesBuildPhase section */
		C364ACDA1783CBB50082EAA8 /* Sources */ = {
			isa = PBXSourcesBuildPhase;
			buildActionMask = 2147483647;
			files = (
				C364ACEE1783CBB60082EAA8 /* main.m in Sources */,
				C364ACF21783CBB60082EAA8 /* AppDelegate.m in Sources */,
			);
			runOnlyForDeploymentPostprocessing = 0;
		};
/* End PBXSourcesBuildPhase section */

/* Begin PBXVariantGroup section */
		C364ACEA1783CBB60082EAA8 /* InfoPlist.strings */ = {
			isa = PBXVariantGroup;
			children = (
				C364ACEB1783CBB60082EAA8 /* en */,
			);
			name = InfoPlist.strings;
			sourceTree = "<group>";
		};
/* End PBXVariantGroup section */

/* Begin XCBuildConfiguration section */
		C364ACF91783CBB60082EAA8 /* Debug */ = {
			isa = XCBuildConfiguration;
			buildSettings = {
				ALWAYS_SEARCH_USER_PATHS = NO;
				CLANG_CXX_LANGUAGE_STANDARD = "gnu++0x";
				CLANG_CXX_LIBRARY = "libc++";
				CLANG_ENABLE_OBJC_ARC = YES;
				CLANG_WARN_CONSTANT_CONVERSION = YES;
				CLANG_WARN_EMPTY_BODY = YES;
				CLANG_WARN_ENUM_CONVERSION = YES;
				CLANG_WARN_INT_CONVERSION = YES;
				CLANG_WARN__DUPLICATE_METHOD_MATCH = YES;
				"CODE_SIGN_IDENTITY[sdk=iphoneos*]" = "iPhone Developer";
				COPY_PHASE_STRIP = NO;
				GCC_C_LANGUAGE_STANDARD = gnu99;
				GCC_DYNAMIC_NO_PIC = NO;
				GCC_OPTIMIZATION_LEVEL = 0;
				GCC_PREPROCESSOR_DEFINITIONS = (
					"DEBUG=1",
					"$(inherited)",
				);
				GCC_SYMBOLS_PRIVATE_EXTERN = NO;
				GCC_WARN_ABOUT_RETURN_TYPE = YES;
				GCC_WARN_UNINITIALIZED_AUTOS = YES;
				GCC_WARN_UNUSED_VARIABLE = YES;
				IPHONEOS_DEPLOYMENT_TARGET = 6.1;
				ONLY_ACTIVE_ARCH = YES;
				SDKROOT = iphoneos;
			};
			name = Debug;
		};
		C364ACFA1783CBB60082EAA8 /* Release */ = {
			isa = XCBuildConfiguration;
			buildSettings = {
				ALWAYS_SEARCH_USER_PATHS = NO;
				CLANG_CXX_LANGUAGE_STANDARD = "gnu++0x";
				CLANG_CXX_LIBRARY = "libc++";
				CLANG_ENABLE_OBJC_ARC = YES;
				CLANG_WARN_CONSTANT_CONVERSION = YES;
				CLANG_WARN_EMPTY_BODY = YES;
				CLANG_WARN_ENUM_CONVERSION = YES;
				CLANG_WARN_INT_CONVERSION = YES;
				CLANG_WARN__DUPLICATE_METHOD_MATCH = YES;
				"CODE_SIGN_IDENTITY[sdk=iphoneos*]" = "iPhone Developer";
				COPY_PHASE_STRIP = YES;
				GCC_C_LANGUAGE_STANDARD = gnu99;
				GCC_WARN_ABOUT_RETURN_TYPE = YES;
				GCC_WARN_UNINITIALIZED_AUTOS = YES;
				GCC_WARN_UNUSED_VARIABLE = YES;
				IPHONEOS_DEPLOYMENT_TARGET = 6.1;
				OTHER_CFLAGS = "-DNS_BLOCK_ASSERTIONS=1";
				SDKROOT = iphoneos;
				VALIDATE_PRODUCT = YES;
			};
			name = Release;
		};
		C364ACFC1783CBB60082EAA8 /* Debug */ = {
			isa = XCBuildConfiguration;
			buildSettings = {
				GCC_PRECOMPILE_PREFIX_HEADER = YES;
				GCC_PREFIX_HEADER = "URC-Shuttle/URC-Shuttle-Prefix.pch";
				INFOPLIST_FILE = "URC-Shuttle/URC-Shuttle-Info.plist";
				PRODUCT_NAME = "$(TARGET_NAME)";
				WRAPPER_EXTENSION = app;
			};
			name = Debug;
		};
		C364ACFD1783CBB60082EAA8 /* Release */ = {
			isa = XCBuildConfiguration;
			buildSettings = {
				GCC_PRECOMPILE_PREFIX_HEADER = YES;
				GCC_PREFIX_HEADER = "URC-Shuttle/URC-Shuttle-Prefix.pch";
				INFOPLIST_FILE = "URC-Shuttle/URC-Shuttle-Info.plist";
				PRODUCT_NAME = "$(TARGET_NAME)";
				WRAPPER_EXTENSION = app;
			};
			name = Release;
		};
/* End XCBuildConfiguration section */

/* Begin XCConfigurationList section */
		C364ACD91783CBB50082EAA8 /* Build configuration list for PBXProject "URC-Shuttle" */ = {
			isa = XCConfigurationList;
			buildConfigurations = (
				C364ACF91783CBB60082EAA8 /* Debug */,
				C364ACFA1783CBB60082EAA8 /* Release */,
			);
			defaultConfigurationIsVisible = 0;
			defaultConfigurationName = Release;
		};
		C364ACFB1783CBB60082EAA8 /* Build configuration list for PBXNativeTarget "URC-Shuttle" */ = {
			isa = XCConfigurationList;
			buildConfigurations = (
				C364ACFC1783CBB60082EAA8 /* Debug */,
				C364ACFD1783CBB60082EAA8 /* Release */,
			);
			defaultConfigurationIsVisible = 0;
		};
/* End XCConfigurationList section */
	};
	rootObject = C364ACD61783CBB50082EAA8 /* Project object */;
}
